
Microsoft Visual Studio Solution File, Format Version 12.00
# Visual Studio Version 16
VisualStudioVersion = 16.0.31313.79
MinimumVisualStudioVersion = 10.0.40219.1
Project("{8BC9CEB8-8B4A-11D0-8D11-00A0C91BC942}") = "qclient", "qclient.vcxproj", "{FC105A24-30FA-3A85-A154-331B62D52463}"
EndProject
Project("{8BC9CEB8-8B4A-11D0-8D11-00A0C91BC942}") = "qserver", "..\qserver\qserver.vcxproj", "{B53C3A43-143E-3B39-BAF4-7329821E7A40}"
EndProject
Global
	GlobalSection(SolutionConfigurationPlatforms) = preSolution
		Debug|x64 = Debug|x64
		Release|x64 = Release|x64
	EndGlobalSection
	GlobalSection(ProjectConfigurationPlatforms) = postSolution
		{FC105A24-30FA-3A85-A154-331B62D52463}.Debug|x64.ActiveCfg = Debug|x64
		{FC105A24-30FA-3A85-A154-331B62D52463}.Debug|x64.Build.0 = Debug|x64
		{FC105A24-30FA-3A85-A154-331B62D52463}.Release|x64.ActiveCfg = Release|x64
		{FC105A24-30FA-3A85-A154-331B62D52463}.Release|x64.Build.0 = Release|x64
		{B53C3A43-143E-3B39-BAF4-7329821E7A40}.Debug|x64.ActiveCfg = Debug|x64
		{B53C3A43-143E-3B39-BAF4-7329821E7A40}.Debug|x64.Build.0 = Debug|x64
		{B53C3A43-143E-3B39-BAF4-7329821E7A40}.Release|x64.ActiveCfg = Release|x64
		{B53C3A43-143E-3B39-BAF4-7329821E7A40}.Release|x64.Build.0 = Release|x64
	EndGlobalSection
	GlobalSection(SolutionProperties) = preSolution
		HideSolutionNode = FALSE
	EndGlobalSection
	GlobalSection(ExtensibilityGlobals) = postSolution
		SolutionGuid = {3637D7E0-0EDC-408D-9774-1DEB0B8CA0B8}
	EndGlobalSection
EndGlobal
